
Microsoft Visual Studio Solution File, Format Version 12.00
# Visual Studio 2012
Project("{FAE04EC0-301F-11D3-BF4B-00C04F79EFBC}") = "Insertionsort", "Insertionsort\Insertionsort.csproj", "{AB346F6B-E477-4D9F-A9BA-88FCA82622A8}"
EndProject
Global
	GlobalSection(SolutionConfigurationPlatforms) = preSolution
		Debug|Any CPU = Debug|Any CPU
		Release|Any CPU = Release|Any CPU
	EndGlobalSection
	GlobalSection(ProjectConfigurationPlatforms) = postSolution
		{AB346F6B-E477-4D9F-A9BA-88FCA82622A8}.Debug|Any CPU.ActiveCfg = Debug|Any CPU
		{AB346F6B-E477-4D9F-A9BA-88FCA82622A8}.Debug|Any CPU.Build.0 = Debug|Any CPU
		{AB346F6B-E477-4D9F-A9BA-88FCA82622A8}.Release|Any CPU.ActiveCfg = Release|Any CPU
		{AB346F6B-E477-4D9F-A9BA-88FCA82622A8}.Release|Any CPU.Build.0 = Release|Any CPU
	EndGlobalSection
	GlobalSection(SolutionProperties) = preSolution
		HideSolutionNode = FALSE
	EndGlobalSection
EndGlobal
